
Microsoft Visual Studio Solution File, Format Version 12.00
# Visual Studio Version 17
VisualStudioVersion = 17.8.34330.188
MinimumVisualStudioVersion = 10.0.40219.1
Project("{FAE04EC0-301F-11D3-BF4B-00C04F79EFBC}") = "TestConnect", "TestConnect\TestConnect.csproj", "{1E20C531-F670-41C1-A61D-F68C0F82EC34}"
EndProject
Global
	GlobalSection(SolutionConfigurationPlatforms) = preSolution
		Debug|Any CPU = Debug|Any CPU
		Release|Any CPU = Release|Any CPU
	EndGlobalSection
	GlobalSection(ProjectConfigurationPlatforms) = postSolution
		{1E20C531-F670-41C1-A61D-F68C0F82EC34}.Debug|Any CPU.ActiveCfg = Debug|Any CPU
		{1E20C531-F670-41C1-A61D-F68C0F82EC34}.Debug|Any CPU.Build.0 = Debug|Any CPU
		{1E20C531-F670-41C1-A61D-F68C0F82EC34}.Release|Any CPU.ActiveCfg = Release|Any CPU
		{1E20C531-F670-41C1-A61D-F68C0F82EC34}.Release|Any CPU.Build.0 = Release|Any CPU
	EndGlobalSection
	GlobalSection(SolutionProperties) = preSolution
		HideSolutionNode = FALSE
	EndGlobalSection
	GlobalSection(ExtensibilityGlobals) = postSolution
		SolutionGuid = {F9E6E07C-08FE-4347-A86D-7F2E5B4346E3}
	EndGlobalSection
EndGlobal
